
Microsoft Visual Studio Solution File, Format Version 12.00
# Visual Studio Version 16
VisualStudioVersion = 16.0.30717.126
MinimumVisualStudioVersion = 10.0.40219.1
Project("{9A19103F-16F7-4668-BE54-9A1E7A4F7556}") = "loops", "loops.csproj", "{3A9B7949-004C-4C7C-8A06-5BEB21E584DD}"
EndProject
Project("{FAE04EC0-301F-11D3-BF4B-00C04F79EFBC}") = "calculator", "..\ConsoleApp2\calculator.csproj", "{68456986-E063-4DBF-BD3B-DECED5258A68}"
EndProject
Project("{FAE04EC0-301F-11D3-BF4B-00C04F79EFBC}") = "Lists", "..\ConsoleApp3\Lists.csproj", "{D7AC28E2-D57A-4930-8710-EE76D20ED664}"
EndProject
Project("{FAE04EC0-301F-11D3-BF4B-00C04F79EFBC}") = "variables", "..\variables\variables.csproj", "{A28D8AA2-547C-4221-8E48-689F3259EF6B}"
EndProject
Global
	GlobalSection(SolutionConfigurationPlatforms) = preSolution
		Debug|Any CPU = Debug|Any CPU
		Release|Any CPU = Release|Any CPU
	EndGlobalSection
	GlobalSection(ProjectConfigurationPlatforms) = postSolution
		{3A9B7949-004C-4C7C-8A06-5BEB21E584DD}.Debug|Any CPU.ActiveCfg = Debug|Any CPU
		{3A9B7949-004C-4C7C-8A06-5BEB21E584DD}.Debug|Any CPU.Build.0 = Debug|Any CPU
		{3A9B7949-004C-4C7C-8A06-5BEB21E584DD}.Release|Any CPU.ActiveCfg = Release|Any CPU
		{3A9B7949-004C-4C7C-8A06-5BEB21E584DD}.Release|Any CPU.Build.0 = Release|Any CPU
		{68456986-E063-4DBF-BD3B-DECED5258A68}.Debug|Any CPU.ActiveCfg = Debug|Any CPU
		{68456986-E063-4DBF-BD3B-DECED5258A68}.Debug|Any CPU.Build.0 = Debug|Any CPU
		{68456986-E063-4DBF-BD3B-DECED5258A68}.Release|Any CPU.ActiveCfg = Release|Any CPU
		{68456986-E063-4DBF-BD3B-DECED5258A68}.Release|Any CPU.Build.0 = Release|Any CPU
		{D7AC28E2-D57A-4930-8710-EE76D20ED664}.Debug|Any CPU.ActiveCfg = Debug|Any CPU
		{D7AC28E2-D57A-4930-8710-EE76D20ED664}.Debug|Any CPU.Build.0 = Debug|Any CPU
		{D7AC28E2-D57A-4930-8710-EE76D20ED664}.Release|Any CPU.ActiveCfg = Release|Any CPU
		{D7AC28E2-D57A-4930-8710-EE76D20ED664}.Release|Any CPU.Build.0 = Release|Any CPU
		{A28D8AA2-547C-4221-8E48-689F3259EF6B}.Debug|Any CPU.ActiveCfg = Debug|Any CPU
		{A28D8AA2-547C-4221-8E48-689F3259EF6B}.Debug|Any CPU.Build.0 = Debug|Any CPU
		{A28D8AA2-547C-4221-8E48-689F3259EF6B}.Release|Any CPU.ActiveCfg = Release|Any CPU
		{A28D8AA2-547C-4221-8E48-689F3259EF6B}.Release|Any CPU.Build.0 = Release|Any CPU
	EndGlobalSection
	GlobalSection(SolutionProperties) = preSolution
		HideSolutionNode = FALSE
	EndGlobalSection
	GlobalSection(ExtensibilityGlobals) = postSolution
		SolutionGuid = {F462D8E6-A7D2-4B31-A50A-EAAF87F38325}
	EndGlobalSection
EndGlobal
